
Microsoft Visual Studio Solution File, Format Version 12.00
# Visual Studio 15
VisualStudioVersion = 15.0.27004.2009
MinimumVisualStudioVersion = 10.0.40219.1
Project("{FAE04EC0-301F-11D3-BF4B-00C04F79EFBC}") = "CodeBrowserDeluxePro", "CodeBrowserDeluxePro\CodeBrowserDeluxePro.csproj", "{0B1A65D3-22BB-4451-B98E-02AD985D20CE}"
EndProject
Global
	GlobalSection(SolutionConfigurationPlatforms) = preSolution
		Debug|Any CPU = Debug|Any CPU
		Release|Any CPU = Release|Any CPU
	EndGlobalSection
	GlobalSection(ProjectConfigurationPlatforms) = postSolution
		{0B1A65D3-22BB-4451-B98E-02AD985D20CE}.Debug|Any CPU.ActiveCfg = Debug|Any CPU
		{0B1A65D3-22BB-4451-B98E-02AD985D20CE}.Debug|Any CPU.Build.0 = Debug|Any CPU
		{0B1A65D3-22BB-4451-B98E-02AD985D20CE}.Release|Any CPU.ActiveCfg = Release|Any CPU
		{0B1A65D3-22BB-4451-B98E-02AD985D20CE}.Release|Any CPU.Build.0 = Release|Any CPU
	EndGlobalSection
	GlobalSection(SolutionProperties) = preSolution
		HideSolutionNode = FALSE
	EndGlobalSection
	GlobalSection(ExtensibilityGlobals) = postSolution
		SolutionGuid = {61F63ED0-5BA0-427D-9019-E56523DF51B1}
	EndGlobalSection
EndGlobal
